// !$*UTF8*$!
{
	archiveVersion = 1;
	classes = {
	};
	objectVersion = 56;
	objects = {

/* Begin PBXBuildFile section */
		493D7E052B740A4C000F0EA4 /* ChartsDemoApp.swift in Sources */ = {isa = PBXBuildFile; fileRef = 493D7E042B740A4C000F0EA4 /* ChartsDemoApp.swift */; };
		493D7E072B740A4D000F0EA4 /* ContentView.swift in Sources */ = {isa = PBXBuildFile; fileRef = 493D7E062B740A4D000F0EA4 /* ContentView.swift */; };
		493D7E092B740A54000F0EA4 /* Assets.xcassets in Resources */ = {isa = PBXBuildFile; fileRef = 493D7E082B740A54000F0EA4 /* Assets.xcassets */; };
		493D7E0C2B740A54000F0EA4 /* Preview Assets.xcassets in Resources */ = {isa = PBXBuildFile; fileRef = 493D7E0B2B740A54000F0EA4 /* Preview Assets.xcassets */; };
		493D7E182B740CE6000F0EA4 /* Charts.swift in Sources */ = {isa = PBXBuildFile; fileRef = 493D7E152B740CE6000F0EA4 /* Charts.swift */; };
		493D7E1B2B740DCC000F0EA4 /* DataProvider.swift in Sources */ = {isa = PBXBuildFile; fileRef = 493D7E1A2B740DCC000F0EA4 /* DataProvider.swift */; };
		493D7E232B74111E000F0EA4 /* API.swift in Sources */ = {isa = PBXBuildFile; fileRef = 493D7E222B74111E000F0EA4 /* API.swift */; };
		493D7E252B741B47000F0EA4 /* ContentViewModel.swift in Sources */ = {isa = PBXBuildFile; fileRef = 493D7E242B741B47000F0EA4 /* ContentViewModel.swift */; };
		493D7E272B741D64000F0EA4 /* Models.swift in Sources */ = {isa = PBXBuildFile; fileRef = 493D7E262B741D64000F0EA4 /* Models.swift */; };
		493D7E2B2B741FB0000F0EA4 /* ModelTypes.swift in Sources */ = {isa = PBXBuildFile; fileRef = 493D7E2A2B741FB0000F0EA4 /* ModelTypes.swift */; };
/* End PBXBuildFile section */

/* Begin PBXFileReference section */
		493D7E012B740A4C000F0EA4 /* ChartsDemo.app */ = {isa = PBXFileReference; explicitFileType = wrapper.application; includeInIndex = 0; path = ChartsDemo.app; sourceTree = BUILT_PRODUCTS_DIR; };
		493D7E042B740A4C000F0EA4 /* ChartsDemoApp.swift */ = {isa = PBXFileReference; lastKnownFileType = sourcecode.swift; path = ChartsDemoApp.swift; sourceTree = "<group>"; };
		493D7E062B740A4D000F0EA4 /* ContentView.swift */ = {isa = PBXFileReference; lastKnownFileType = sourcecode.swift; path = ContentView.swift; sourceTree = "<group>"; };
		493D7E082B740A54000F0EA4 /* Assets.xcassets */ = {isa = PBXFileReference; lastKnownFileType = folder.assetcatalog; path = Assets.xcassets; sourceTree = "<group>"; };
		493D7E0B2B740A54000F0EA4 /* Preview Assets.xcassets */ = {isa = PBXFileReference; lastKnownFileType = folder.assetcatalog; path = "Preview Assets.xcassets"; sourceTree = "<group>"; };
		493D7E152B740CE6000F0EA4 /* Charts.swift */ = {isa = PBXFileReference; fileEncoding = 4; lastKnownFileType = sourcecode.swift; path = Charts.swift; sourceTree = "<group>"; };
		493D7E1A2B740DCC000F0EA4 /* DataProvider.swift */ = {isa = PBXFileReference; lastKnownFileType = sourcecode.swift; path = DataProvider.swift; sourceTree = "<group>"; };
		493D7E222B74111E000F0EA4 /* API.swift */ = {isa = PBXFileReference; lastKnownFileType = sourcecode.swift; path = API.swift; sourceTree = "<group>"; };
		493D7E242B741B47000F0EA4 /* ContentViewModel.swift */ = {isa = PBXFileReference; lastKnownFileType = sourcecode.swift; path = ContentViewModel.swift; sourceTree = "<group>"; };
		493D7E262B741D64000F0EA4 /* Models.swift */ = {isa = PBXFileReference; lastKnownFileType = sourcecode.swift; path = Models.swift; sourceTree = "<group>"; };
		493D7E2A2B741FB0000F0EA4 /* ModelTypes.swift */ = {isa = PBXFileReference; lastKnownFileType = sourcecode.swift; path = ModelTypes.swift; sourceTree = "<group>"; };
/* End PBXFileReference section */

/* Begin PBXFrameworksBuildPhase section */
		493D7DFE2B740A4C000F0EA4 /* Frameworks */ = {
			isa = PBXFrameworksBuildPhase;
			buildActionMask = 2147483647;
			files = (
			);
			runOnlyForDeploymentPostprocessing = 0;
		};
/* End PBXFrameworksBuildPhase section */

/* Begin PBXGroup section */
		493D7DF82B740A4C000F0EA4 = {
			isa = PBXGroup;
			children = (
				493D7E032B740A4C000F0EA4 /* ChartsDemo */,
				493D7E022B740A4C000F0EA4 /* Products */,
			);
			sourceTree = "<group>";
		};
		493D7E022B740A4C000F0EA4 /* Products */ = {
			isa = PBXGroup;
			children = (
				493D7E012B740A4C000F0EA4 /* ChartsDemo.app */,
			);
			name = Products;
			sourceTree = "<group>";
		};
		493D7E032B740A4C000F0EA4 /* ChartsDemo */ = {
			isa = PBXGroup;
			children = (
				493D7E212B7410E3000F0EA4 /* Network */,
				493D7E202B74109D000F0EA4 /* Models */,
				493D7E192B740D92000F0EA4 /* starterData */,
				493D7E122B740BC1000F0EA4 /* chartViews */,
				493D7E042B740A4C000F0EA4 /* ChartsDemoApp.swift */,
				493D7E062B740A4D000F0EA4 /* ContentView.swift */,
				493D7E242B741B47000F0EA4 /* ContentViewModel.swift */,
				493D7E082B740A54000F0EA4 /* Assets.xcassets */,
				493D7E0A2B740A54000F0EA4 /* Preview Content */,
			);
			path = ChartsDemo;
			sourceTree = "<group>";
		};
		493D7E0A2B740A54000F0EA4 /* Preview Content */ = {
			isa = PBXGroup;
			children = (
				493D7E0B2B740A54000F0EA4 /* Preview Assets.xcassets */,
			);
			path = "Preview Content";
			sourceTree = "<group>";
		};
		493D7E122B740BC1000F0EA4 /* chartViews */ = {
			isa = PBXGroup;
			children = (
				493D7E152B740CE6000F0EA4 /* Charts.swift */,
			);
			path = chartViews;
			sourceTree = "<group>";
		};
		493D7E192B740D92000F0EA4 /* starterData */ = {
			isa = PBXGroup;
			children = (
				493D7E1A2B740DCC000F0EA4 /* DataProvider.swift */,
			);
			path = starterData;
			sourceTree = "<group>";
		};
		493D7E202B74109D000F0EA4 /* Models */ = {
			isa = PBXGroup;
			children = (
				493D7E262B741D64000F0EA4 /* Models.swift */,
				493D7E2A2B741FB0000F0EA4 /* ModelTypes.swift */,
			);
			path = Models;
			sourceTree = "<group>";
		};
		493D7E212B7410E3000F0EA4 /* Network */ = {
			isa = PBXGroup;
			children = (
				493D7E222B74111E000F0EA4 /* API.swift */,
			);
			path = Network;
			sourceTree = "<group>";
		};
/* End PBXGroup section */

/* Begin PBXNativeTarget section */
		493D7E002B740A4C000F0EA4 /* ChartsDemo */ = {
			isa = PBXNativeTarget;
			buildConfigurationList = 493D7E0F2B740A54000F0EA4 /* Build configuration list for PBXNativeTarget "ChartsDemo" */;
			buildPhases = (
				493D7DFD2B740A4C000F0EA4 /* Sources */,
				493D7DFE2B740A4C000F0EA4 /* Frameworks */,
				493D7DFF2B740A4C000F0EA4 /* Resources */,
			);
			buildRules = (
			);
			dependencies = (
			);
			name = ChartsDemo;
			productName = ChartsDemo;
			productReference = 493D7E012B740A4C000F0EA4 /* ChartsDemo.app */;
			productType = "com.apple.product-type.application";
		};
/* End PBXNativeTarget section */

/* Begin PBXProject section */
		493D7DF92B740A4C000F0EA4 /* Project object */ = {
			isa = PBXProject;
			attributes = {
				BuildIndependentTargetsInParallel = 1;
				LastSwiftUpdateCheck = 1520;
				LastUpgradeCheck = 1520;
				TargetAttributes = {
					493D7E002B740A4C000F0EA4 = {
						CreatedOnToolsVersion = 15.2;
					};
				};
			};
			buildConfigurationList = 493D7DFC2B740A4C000F0EA4 /* Build configuration list for PBXProject "ChartsDemo" */;
			compatibilityVersion = "Xcode 14.0";
			developmentRegion = en;
			hasScannedForEncodings = 0;
			knownRegions = (
				en,
				Base,
			);
			mainGroup = 493D7DF82B740A4C000F0EA4;
			productRefGroup = 493D7E022B740A4C000F0EA4 /* Products */;
			projectDirPath = "";
			projectRoot = "";
			targets = (
				493D7E002B740A4C000F0EA4 /* ChartsDemo */,
			);
		};
/* End PBXProject section */

/* Begin PBXResourcesBuildPhase section */
		493D7DFF2B740A4C000F0EA4 /* Resources */ = {
			isa = PBXResourcesBuildPhase;
			buildActionMask = 2147483647;
			files = (
				493D7E0C2B740A54000F0EA4 /* Preview Assets.xcassets in Resources */,
				493D7E092B740A54000F0EA4 /* Assets.xcassets in Resources */,
			);
			runOnlyForDeploymentPostprocessing = 0;
		};
/* End PBXResourcesBuildPhase section */

/* Begin PBXSourcesBuildPhase section */
		493D7DFD2B740A4C000F0EA4 /* Sources */ = {
			isa = PBXSourcesBuildPhase;
			buildActionMask = 2147483647;
			files = (
				493D7E252B741B47000F0EA4 /* ContentViewModel.swift in Sources */,
				493D7E2B2B741FB0000F0EA4 /* ModelTypes.swift in Sources */,
				493D7E272B741D64000F0EA4 /* Models.swift in Sources */,
				493D7E182B740CE6000F0EA4 /* Charts.swift in Sources */,
				493D7E072B740A4D000F0EA4 /* ContentView.swift in Sources */,
				493D7E052B740A4C000F0EA4 /* ChartsDemoApp.swift in Sources */,
				493D7E1B2B740DCC000F0EA4 /* DataProvider.swift in Sources */,
				493D7E232B74111E000F0EA4 /* API.swift in Sources */,
			);
			runOnlyForDeploymentPostprocessing = 0;
		};
/* End PBXSourcesBuildPhase section */

/* Begin XCBuildConfiguration section */
		493D7E0D2B740A54000F0EA4 /* Debug */ = {
			isa = XCBuildConfiguration;
			buildSettings = {
				ALWAYS_SEARCH_USER_PATHS = NO;
				ASSETCATALOG_COMPILER_GENERATE_SWIFT_ASSET_SYMBOL_EXTENSIONS = YES;
				CLANG_ANALYZER_NONNULL = YES;
				CLANG_ANALYZER_NUMBER_OBJECT_CONVERSION = YES_AGGRESSIVE;
				CLANG_CXX_LANGUAGE_STANDARD = "gnu++20";
				CLANG_ENABLE_MODULES = YES;
				CLANG_ENABLE_OBJC_ARC = YES;
				CLANG_ENABLE_OBJC_WEAK = YES;
				CLANG_WARN_BLOCK_CAPTURE_AUTORELEASING = YES;
				CLANG_WARN_BOOL_CONVERSION = YES;
				CLANG_WARN_COMMA = YES;
				CLANG_WARN_CONSTANT_CONVERSION = YES;
				CLANG_WARN_DEPRECATED_OBJC_IMPLEMENTATIONS = YES;
				CLANG_WARN_DIRECT_OBJC_ISA_USAGE = YES_ERROR;
				CLANG_WARN_DOCUMENTATION_COMMENTS = YES;
				CLANG_WARN_EMPTY_BODY = YES;
				CLANG_WARN_ENUM_CONVERSION = YES;
				CLANG_WARN_INFINITE_RECURSION = YES;
				CLANG_WARN_INT_CONVERSION = YES;
				CLANG_WARN_NON_LITERAL_NULL_CONVERSION = YES;
				CLANG_WARN_OBJC_IMPLICIT_RETAIN_SELF = YES;
				CLANG_WARN_OBJC_LITERAL_CONVERSION = YES;
				CLANG_WARN_OBJC_ROOT_CLASS = YES_ERROR;
				CLANG_WARN_QUOTED_INCLUDE_IN_FRAMEWORK_HEADER = YES;
				CLANG_WARN_RANGE_LOOP_ANALYSIS = YES;
				CLANG_WARN_STRICT_PROTOTYPES = YES;
				CLANG_WARN_SUSPICIOUS_MOVE = YES;
				CLANG_WARN_UNGUARDED_AVAILABILITY = YES_AGGRESSIVE;
				CLANG_WARN_UNREACHABLE_CODE = YES;
				CLANG_WARN__DUPLICATE_METHOD_MATCH = YES;
				COPY_PHASE_STRIP = NO;
				DEBUG_INFORMATION_FORMAT = dwarf;
				ENABLE_STRICT_OBJC_MSGSEND = YES;
				ENABLE_TESTABILITY = YES;
				ENABLE_USER_SCRIPT_SANDBOXING = YES;
				GCC_C_LANGUAGE_STANDARD = gnu17;
				GCC_DYNAMIC_NO_PIC = NO;
				GCC_NO_COMMON_BLOCKS = YES;
				GCC_OPTIMIZATION_LEVEL = 0;
				GCC_PREPROCESSOR_DEFINITIONS = (
					"DEBUG=1",
					"$(inherited)",
				);
				GCC_WARN_64_TO_32_BIT_CONVERSION = YES;
				GCC_WARN_ABOUT_RETURN_TYPE = YES_ERROR;
				GCC_WARN_UNDECLARED_SELECTOR = YES;
				GCC_WARN_UNINITIALIZED_AUTOS = YES_AGGRESSIVE;
				GCC_WARN_UNUSED_FUNCTION = YES;
				GCC_WARN_UNUSED_VARIABLE = YES;
				IPHONEOS_DEPLOYMENT_TARGET = 17.2;
				LOCALIZATION_PREFERS_STRING_CATALOGS = YES;
				MTL_ENABLE_DEBUG_INFO = INCLUDE_SOURCE;
				MTL_FAST_MATH = YES;
				ONLY_ACTIVE_ARCH = YES;
				SDKROOT = iphoneos;
				SWIFT_ACTIVE_COMPILATION_CONDITIONS = "DEBUG $(inherited)";
				SWIFT_OPTIMIZATION_LEVEL = "-Onone";
			};
			name = Debug;
		};
		493D7E0E2B740A54000F0EA4 /* Release */ = {
			isa = XCBuildConfiguration;
			buildSettings = {
				ALWAYS_SEARCH_USER_PATHS = NO;
				ASSETCATALOG_COMPILER_GENERATE_SWIFT_ASSET_SYMBOL_EXTENSIONS = YES;
				CLANG_ANALYZER_NONNULL = YES;
				CLANG_ANALYZER_NUMBER_OBJECT_CONVERSION = YES_AGGRESSIVE;
				CLANG_CXX_LANGUAGE_STANDARD = "gnu++20";
				CLANG_ENABLE_MODULES = YES;
				CLANG_ENABLE_OBJC_ARC = YES;
				CLANG_ENABLE_OBJC_WEAK = YES;
				CLANG_WARN_BLOCK_CAPTURE_AUTORELEASING = YES;
				CLANG_WARN_BOOL_CONVERSION = YES;
				CLANG_WARN_COMMA = YES;
				CLANG_WARN_CONSTANT_CONVERSION = YES;
				CLANG_WARN_DEPRECATED_OBJC_IMPLEMENTATIONS = YES;
				CLANG_WARN_DIRECT_OBJC_ISA_USAGE = YES_ERROR;
				CLANG_WARN_DOCUMENTATION_COMMENTS = YES;
				CLANG_WARN_EMPTY_BODY = YES;
				CLANG_WARN_ENUM_CONVERSION = YES;
				CLANG_WARN_INFINITE_RECURSION = YES;
				CLANG_WARN_INT_CONVERSION = YES;
				CLANG_WARN_NON_LITERAL_NULL_CONVERSION = YES;
				CLANG_WARN_OBJC_IMPLICIT_RETAIN_SELF = YES;
				CLANG_WARN_OBJC_LITERAL_CONVERSION = YES;
				CLANG_WARN_OBJC_ROOT_CLASS = YES_ERROR;
				CLANG_WARN_QUOTED_INCLUDE_IN_FRAMEWORK_HEADER = YES;
				CLANG_WARN_RANGE_LOOP_ANALYSIS = YES;
				CLANG_WARN_STRICT_PROTOTYPES = YES;
				CLANG_WARN_SUSPICIOUS_MOVE = YES;
				CLANG_WARN_UNGUARDED_AVAILABILITY = YES_AGGRESSIVE;
				CLANG_WARN_UNREACHABLE_CODE = YES;
				CLANG_WARN__DUPLICATE_METHOD_MATCH = YES;
				COPY_PHASE_STRIP = NO;
				DEBUG_INFORMATION_FORMAT = "dwarf-with-dsym";
				ENABLE_NS_ASSERTIONS = NO;
				ENABLE_STRICT_OBJC_MSGSEND = YES;
				ENABLE_USER_SCRIPT_SANDBOXING = YES;
				GCC_C_LANGUAGE_STANDARD = gnu17;
				GCC_NO_COMMON_BLOCKS = YES;
				GCC_WARN_64_TO_32_BIT_CONVERSION = YES;
				GCC_WARN_ABOUT_RETURN_TYPE = YES_ERROR;
				GCC_WARN_UNDECLARED_SELECTOR = YES;
				GCC_WARN_UNINITIALIZED_AUTOS = YES_AGGRESSIVE;
				GCC_WARN_UNUSED_FUNCTION = YES;
				GCC_WARN_UNUSED_VARIABLE = YES;
				IPHONEOS_DEPLOYMENT_TARGET = 17.2;
				LOCALIZATION_PREFERS_STRING_CATALOGS = YES;
				MTL_ENABLE_DEBUG_INFO = NO;
				MTL_FAST_MATH = YES;
				SDKROOT = iphoneos;
				SWIFT_COMPILATION_MODE = wholemodule;
				VALIDATE_PRODUCT = YES;
			};
			name = Release;
		};
		493D7E102B740A54000F0EA4 /* Debug */ = {
			isa = XCBuildConfiguration;
			buildSettings = {
				ASSETCATALOG_COMPILER_APPICON_NAME = AppIcon;
				ASSETCATALOG_COMPILER_GLOBAL_ACCENT_COLOR_NAME = AccentColor;
				CODE_SIGN_STYLE = Automatic;
				CURRENT_PROJECT_VERSION = 1;
				DEVELOPMENT_ASSET_PATHS = "\"ChartsDemo/Preview Content\"";
				DEVELOPMENT_TEAM = RXMM43PBHX;
				ENABLE_PREVIEWS = YES;
				GENERATE_INFOPLIST_FILE = YES;
				INFOPLIST_KEY_UIApplicationSceneManifest_Generation = YES;
				INFOPLIST_KEY_UIApplicationSupportsIndirectInputEvents = YES;
				INFOPLIST_KEY_UILaunchScreen_Generation = YES;
				INFOPLIST_KEY_UISupportedInterfaceOrientations_iPad = "UIInterfaceOrientationPortrait UIInterfaceOrientationPortraitUpsideDown UIInterfaceOrientationLandscapeLeft UIInterfaceOrientationLandscapeRight";
				INFOPLIST_KEY_UISupportedInterfaceOrientations_iPhone = "UIInterfaceOrientationPortrait UIInterfaceOrientationLandscapeLeft UIInterfaceOrientationLandscapeRight";
				LD_RUNPATH_SEARCH_PATHS = (
					"$(inherited)",
					"@executable_path/Frameworks",
				);
				MARKETING_VERSION = 1.0;
				PRODUCT_BUNDLE_IDENTIFIER = wildBard.ChartsDemo;
				PRODUCT_NAME = "$(TARGET_NAME)";
				SWIFT_EMIT_LOC_STRINGS = YES;
				SWIFT_VERSION = 5.0;
				TARGETED_DEVICE_FAMILY = "1,2";
			};
			name = Debug;
		};
		493D7E112B740A54000F0EA4 /* Release */ = {
			isa = XCBuildConfiguration;
			buildSettings = {
				ASSETCATALOG_COMPILER_APPICON_NAME = AppIcon;
				ASSETCATALOG_COMPILER_GLOBAL_ACCENT_COLOR_NAME = AccentColor;
				CODE_SIGN_STYLE = Automatic;
				CURRENT_PROJECT_VERSION = 1;
				DEVELOPMENT_ASSET_PATHS = "\"ChartsDemo/Preview Content\"";
				DEVELOPMENT_TEAM = RXMM43PBHX;
				ENABLE_PREVIEWS = YES;
				GENERATE_INFOPLIST_FILE = YES;
				INFOPLIST_KEY_UIApplicationSceneManifest_Generation = YES;
				INFOPLIST_KEY_UIApplicationSupportsIndirectInputEvents = YES;
				INFOPLIST_KEY_UILaunchScreen_Generation = YES;
				INFOPLIST_KEY_UISupportedInterfaceOrientations_iPad = "UIInterfaceOrientationPortrait UIInterfaceOrientationPortraitUpsideDown UIInterfaceOrientationLandscapeLeft UIInterfaceOrientationLandscapeRight";
				INFOPLIST_KEY_UISupportedInterfaceOrientations_iPhone = "UIInterfaceOrientationPortrait UIInterfaceOrientationLandscapeLeft UIInterfaceOrientationLandscapeRight";
				LD_RUNPATH_SEARCH_PATHS = (
					"$(inherited)",
					"@executable_path/Frameworks",
				);
				MARKETING_VERSION = 1.0;
				PRODUCT_BUNDLE_IDENTIFIER = wildBard.ChartsDemo;
				PRODUCT_NAME = "$(TARGET_NAME)";
				SWIFT_EMIT_LOC_STRINGS = YES;
				SWIFT_VERSION = 5.0;
				TARGETED_DEVICE_FAMILY = "1,2";
			};
			name = Release;
		};
/* End XCBuildConfiguration section */

/* Begin XCConfigurationList section */
		493D7DFC2B740A4C000F0EA4 /* Build configuration list for PBXProject "ChartsDemo" */ = {
			isa = XCConfigurationList;
			buildConfigurations = (
				493D7E0D2B740A54000F0EA4 /* Debug */,
				493D7E0E2B740A54000F0EA4 /* Release */,
			);
			defaultConfigurationIsVisible = 0;
			defaultConfigurationName = Release;
		};
		493D7E0F2B740A54000F0EA4 /* Build configuration list for PBXNativeTarget "ChartsDemo" */ = {
			isa = XCConfigurationList;
			buildConfigurations = (
				493D7E102B740A54000F0EA4 /* Debug */,
				493D7E112B740A54000F0EA4 /* Release */,
			);
			defaultConfigurationIsVisible = 0;
			defaultConfigurationName = Release;
		};
/* End XCConfigurationList section */
	};
	rootObject = 493D7DF92B740A4C000F0EA4 /* Project object */;
}
